// !$*UTF8*$!
{
	archiveVersion = 1;
	classes = {
	};
	objectVersion = 77;
	objects = {

/* Begin PBXContainerItemProxy section */
		25CE33E130752A4F00D4FED2 /* PBXContainerItemProxy */ = {
			isa = PBXContainerItemProxy;
			containerPortal = 25CE33C630752A4D00D4FED2 /* Project object */;
			proxyType = 1;
			remoteGlobalIDString = 25CE33CD30752A4D00D4FED2;
			remoteInfo = "TriviaTV";
		};
		25CE33EB30752A5000D4FED2 /* PBXContainerItemProxy */ = {
			isa = PBXContainerItemProxy;
			containerPortal = 25CE33C630752A4D00D4FED2 /* Project object */;
			proxyType = 1;
			remoteGlobalIDString = 25CE33CD30752A4D00D4FED2;
			remoteInfo = "TriviaTV";
		};
/* End PBXContainerItemProxy section */

/* Begin PBXFileReference section */
		25CE33CE30752A4D00D4FED2 /* TriviaTV.app */ = {isa = PBXFileReference; explicitFileType = wrapper.application; includeInIndex = 0; path = "TriviaTV.app"; sourceTree = BUILT_PRODUCTS_DIR; };
		25CE33E030752A4F00D4FED2 /* TriviaTVTests.xctest */ = {isa = PBXFileReference; explicitFileType = wrapper.cfbundle; includeInIndex = 0; path = "TriviaTVTests.xctest"; sourceTree = BUILT_PRODUCTS_DIR; };
		25CE33EA30752A5000D4FED2 /* TriviaTVUITests.xctest */ = {isa = PBXFileReference; explicitFileType = wrapper.cfbundle; includeInIndex = 0; path = "TriviaTVUITests.xctest"; sourceTree = BUILT_PRODUCTS_DIR; };
/* End PBXFileReference section */

/* Begin PBXFileSystemSynchronizedRootGroup section */
		25CE33D030752A4D00D4FED2 /* TriviaTV */ = {
			isa = PBXFileSystemSynchronizedRootGroup;
			path = "TriviaTV";
			sourceTree = "<group>";
		};
		25CE33E330752A4F00D4FED2 /* TriviaTVTests */ = {
			isa = PBXFileSystemSynchronizedRootGroup;
			path = "TriviaTVTests";
			sourceTree = "<group>";
		};
		25CE33ED30752A5000D4FED2 /* TriviaTVUITests */ = {
			isa = PBXFileSystemSynchronizedRootGroup;
			path = "TriviaTVUITests";
			sourceTree = "<group>";
		};
/* End PBXFileSystemSynchronizedRootGroup section */

/* Begin PBXFrameworksBuildPhase section */
		25CE33CB30752A4D00D4FED2 /* Frameworks */ = {
			isa = PBXFrameworksBuildPhase;
			buildActionMask = 2147483647;
			files = (
			);
			runOnlyForDeploymentPostprocessing = 0;
		};
		25CE33DD30752A4F00D4FED2 /* Frameworks */ = {
			isa = PBXFrameworksBuildPhase;
			buildActionMask = 2147483647;
			files = (
			);
			runOnlyForDeploymentPostprocessing = 0;
		};
		25CE33E730752A5000D4FED2 /* Frameworks */ = {
			isa = PBXFrameworksBuildPhase;
			buildActionMask = 2147483647;
			files = (
			);
			runOnlyForDeploymentPostprocessing = 0;
		};
/* End PBXFrameworksBuildPhase section */

/* Begin PBXGroup section */
		25CE33C530752A4D00D4FED2 = {
			isa = PBXGroup;
			children = (
				25CE33D030752A4D00D4FED2 /* TriviaTV */,
				25CE33E330752A4F00D4FED2 /* TriviaTVTests */,
				25CE33ED30752A5000D4FED2 /* TriviaTVUITests */,
				25CE33CF30752A4D00D4FED2 /* Products */,
			);
			sourceTree = "<group>";
		};
		25CE33CF30752A4D00D4FED2 /* Products */ = {
			isa = PBXGroup;
			children = (
				25CE33CE30752A4D00D4FED2 /* TriviaTV.app */,
				25CE33E030752A4F00D4FED2 /* TriviaTVTests.xctest */,
				25CE33EA30752A5000D4FED2 /* TriviaTVUITests.xctest */,
			);
			name = Products;
			sourceTree = "<group>";
		};
/* End PBXGroup section */

/* Begin PBXNativeTarget section */
		25CE33CD30752A4D00D4FED2 /* TriviaTV */ = {
			isa = PBXNativeTarget;
			buildConfigurationList = 25CE33F430752A5000D4FED2 /* Build configuration list for PBXNativeTarget "TriviaTV" */;
			buildPhases = (
				25CE33CA30752A4D00D4FED2 /* Sources */,
				25CE33CB30752A4D00D4FED2 /* Frameworks */,
				25CE33CC30752A4D00D4FED2 /* Resources */,
			);
			buildRules = (
			);
			dependencies = (
			);
			fileSystemSynchronizedGroups = (
				25CE33D030752A4D00D4FED2 /* TriviaTV */,
			);
			name = "TriviaTV";
			packageProductDependencies = (
			);
			productName = "TriviaTV";
			productReference = 25CE33CE30752A4D00D4FED2 /* TriviaTV.app */;
			productType = "com.apple.product-type.application";
		};
		25CE33DF30752A4F00D4FED2 /* TriviaTVTests */ = {
			isa = PBXNativeTarget;
			buildConfigurationList = 25CE33F730752A5000D4FED2 /* Build configuration list for PBXNativeTarget "TriviaTVTests" */;
			buildPhases = (
				25CE33DC30752A4F00D4FED2 /* Sources */,
				25CE33DD30752A4F00D4FED2 /* Frameworks */,
				25CE33DE30752A4F00D4FED2 /* Resources */,
			);
			buildRules = (
			);
			dependencies = (
				25CE33E230752A4F00D4FED2 /* PBXTargetDependency */,
			);
			fileSystemSynchronizedGroups = (
				25CE33E330752A4F00D4FED2 /* TriviaTVTests */,
			);
			name = "TriviaTVTests";
			packageProductDependencies = (
			);
			productName = "TriviaTVTests";
			productReference = 25CE33E030752A4F00D4FED2 /* TriviaTVTests.xctest */;
			productType = "com.apple.product-type.bundle.unit-test";
		};
		25CE33E930752A5000D4FED2 /* TriviaTVUITests */ = {
			isa = PBXNativeTarget;
			buildConfigurationList = 25CE33FA30752A5000D4FED2 /* Build configuration list for PBXNativeTarget "TriviaTVUITests" */;
			buildPhases = (
				25CE33E630752A5000D4FED2 /* Sources */,
				25CE33E730752A5000D4FED2 /* Frameworks */,
				25CE33E830752A5000D4FED2 /* Resources */,
			);
			buildRules = (
			);
			dependencies = (
				25CE33EC30752A5000D4FED2 /* PBXTargetDependency */,
			);
			fileSystemSynchronizedGroups = (
				25CE33ED30752A5000D4FED2 /* TriviaTVUITests */,
			);
			name = "TriviaTVUITests";
			packageProductDependencies = (
			);
			productName = "TriviaTVUITests";
			productReference = 25CE33EA30752A5000D4FED2 /* TriviaTVUITests.xctest */;
			productType = "com.apple.product-type.bundle.ui-testing";
		};
/* End PBXNativeTarget section */

/* Begin PBXProject section */
		25CE33C630752A4D00D4FED2 /* Project object */ = {
			isa = PBXProject;
			attributes = {
				BuildIndependentTargetsInParallel = 1;
				LastSwiftUpdateCheck = 2660;
				LastUpgradeCheck = 2660;
				TargetAttributes = {
					25CE33CD30752A4D00D4FED2 = {
						CreatedOnToolsVersion = 26.6;
					};
					25CE33DF30752A4F00D4FED2 = {
						CreatedOnToolsVersion = 26.6;
						TestTargetID = 25CE33CD30752A4D00D4FED2;
					};
					25CE33E930752A5000D4FED2 = {
						CreatedOnToolsVersion = 26.6;
						TestTargetID = 25CE33CD30752A4D00D4FED2;
					};
				};
			};
			buildConfigurationList = 25CE33C930752A4D00D4FED2 /* Build configuration list for PBXProject "TriviaTV" */;
			developmentRegion = en;
			hasScannedForEncodings = 0;
			knownRegions = (
				en,
				Base,
			);
			mainGroup = 25CE33C530752A4D00D4FED2;
			minimizedProjectReferenceProxies = 1;
			preferredProjectObjectVersion = 77;
			productRefGroup = 25CE33CF30752A4D00D4FED2 /* Products */;
			projectDirPath = "";
			projectRoot = "";
			targets = (
				25CE33CD30752A4D00D4FED2 /* TriviaTV */,
				25CE33DF30752A4F00D4FED2 /* TriviaTVTests */,
				25CE33E930752A5000D4FED2 /* TriviaTVUITests */,
			);
		};
/* End PBXProject section */

/* Begin PBXResourcesBuildPhase section */
		25CE33CC30752A4D00D4FED2 /* Resources */ = {
			isa = PBXResourcesBuildPhase;
			buildActionMask = 2147483647;
			files = (
			);
			runOnlyForDeploymentPostprocessing = 0;
		};
		25CE33DE30752A4F00D4FED2 /* Resources */ = {
			isa = PBXResourcesBuildPhase;
			buildActionMask = 2147483647;
			files = (
			);
			runOnlyForDeploymentPostprocessing = 0;
		};
		25CE33E830752A5000D4FED2 /* Resources */ = {
			isa = PBXResourcesBuildPhase;
			buildActionMask = 2147483647;
			files = (
			);
			runOnlyForDeploymentPostprocessing = 0;
		};
/* End PBXResourcesBuildPhase section */

/* Begin PBXSourcesBuildPhase section */
		25CE33CA30752A4D00D4FED2 /* Sources */ = {
			isa = PBXSourcesBuildPhase;
			buildActionMask = 2147483647;
			files = (
			);
			runOnlyForDeploymentPostprocessing = 0;
		};
		25CE33DC30752A4F00D4FED2 /* Sources */ = {
			isa = PBXSourcesBuildPhase;
			buildActionMask = 2147483647;
			files = (
			);
			runOnlyForDeploymentPostprocessing = 0;
		};
		25CE33E630752A5000D4FED2 /* Sources */ = {
			isa = PBXSourcesBuildPhase;
			buildActionMask = 2147483647;
			files = (
			);
			runOnlyForDeploymentPostprocessing = 0;
		};
/* End PBXSourcesBuildPhase section */

/* Begin PBXTargetDependency section */
		25CE33E230752A4F00D4FED2 /* PBXTargetDependency */ = {
			isa = PBXTargetDependency;
			target = 25CE33CD30752A4D00D4FED2 /* TriviaTV */;
			targetProxy = 25CE33E130752A4F00D4FED2 /* PBXContainerItemProxy */;
		};
		25CE33EC30752A5000D4FED2 /* PBXTargetDependency */ = {
			isa = PBXTargetDependency;
			target = 25CE33CD30752A4D00D4FED2 /* TriviaTV */;
			targetProxy = 25CE33EB30752A5000D4FED2 /* PBXContainerItemProxy */;
		};
/* End PBXTargetDependency section */

/* Begin XCBuildConfiguration section */
		25CE33F230752A5000D4FED2 /* Debug */ = {
			isa = XCBuildConfiguration;
			buildSettings = {
				ALWAYS_SEARCH_USER_PATHS = NO;
				ASSETCATALOG_COMPILER_GENERATE_SWIFT_ASSET_SYMBOL_EXTENSIONS = YES;
				CLANG_ANALYZER_NONNULL = YES;
				CLANG_ANALYZER_NUMBER_OBJECT_CONVERSION = YES_AGGRESSIVE;
				CLANG_CXX_LANGUAGE_STANDARD = "gnu++20";
				CLANG_ENABLE_MODULES = YES;
				CLANG_ENABLE_OBJC_ARC = YES;
				CLANG_ENABLE_OBJC_WEAK = YES;
				CLANG_WARN_BLOCK_CAPTURE_AUTORELEASING = YES;
				CLANG_WARN_BOOL_CONVERSION = YES;
				CLANG_WARN_COMMA = YES;
				CLANG_WARN_CONSTANT_CONVERSION = YES;
				CLANG_WARN_DEPRECATED_OBJC_IMPLEMENTATIONS = YES;
				CLANG_WARN_DIRECT_OBJC_ISA_USAGE = YES_ERROR;
				CLANG_WARN_DOCUMENTATION_COMMENTS = YES;
				CLANG_WARN_EMPTY_BODY = YES;
				CLANG_WARN_ENUM_CONVERSION = YES;
				CLANG_WARN_INFINITE_RECURSION = YES;
				CLANG_WARN_INT_CONVERSION = YES;
				CLANG_WARN_NON_LITERAL_NULL_CONVERSION = YES;
				CLANG_WARN_OBJC_IMPLICIT_RETAIN_SELF = YES;
				CLANG_WARN_OBJC_LITERAL_CONVERSION = YES;
				CLANG_WARN_OBJC_ROOT_CLASS = YES_ERROR;
				CLANG_WARN_QUOTED_INCLUDE_IN_FRAMEWORK_HEADER = YES;
				CLANG_WARN_RANGE_LOOP_ANALYSIS = YES;
				CLANG_WARN_STRICT_PROTOTYPES = YES;
				CLANG_WARN_SUSPICIOUS_MOVE = YES;
				CLANG_WARN_UNGUARDED_AVAILABILITY = YES_AGGRESSIVE;
				CLANG_WARN_UNREACHABLE_CODE = YES;
				CLANG_WARN__DUPLICATE_METHOD_MATCH = YES;
				COPY_PHASE_STRIP = NO;
				DEBUG_INFORMATION_FORMAT = dwarf;
				DEVELOPMENT_TEAM = H2SGDST2MQ;
				ENABLE_STRICT_OBJC_MSGSEND = YES;
				ENABLE_TESTABILITY = YES;
				ENABLE_USER_SCRIPT_SANDBOXING = YES;
				GCC_C_LANGUAGE_STANDARD = gnu17;
				GCC_DYNAMIC_NO_PIC = NO;
				GCC_NO_COMMON_BLOCKS = YES;
				GCC_OPTIMIZATION_LEVEL = 0;
				GCC_PREPROCESSOR_DEFINITIONS = (
					"DEBUG=1",
					"$(inherited)",
				);
				GCC_WARN_64_TO_32_BIT_CONVERSION = YES;
				GCC_WARN_ABOUT_RETURN_TYPE = YES_ERROR;
				GCC_WARN_UNDECLARED_SELECTOR = YES;
				GCC_WARN_UNINITIALIZED_AUTOS = YES_AGGRESSIVE;
				GCC_WARN_UNUSED_FUNCTION = YES;
				GCC_WARN_UNUSED_VARIABLE = YES;
				LOCALIZATION_PREFERS_STRING_CATALOGS = YES;
				MTL_ENABLE_DEBUG_INFO = INCLUDE_SOURCE;
				MTL_FAST_MATH = YES;
				ONLY_ACTIVE_ARCH = YES;
				SDKROOT = appletvos;
				SWIFT_ACTIVE_COMPILATION_CONDITIONS = "DEBUG $(inherited)";
				SWIFT_OPTIMIZATION_LEVEL = "-Onone";
				TVOS_DEPLOYMENT_TARGET = 26.5;
			};
			name = Debug;
		};
		25CE33F330752A5000D4FED2 /* Release */ = {
			isa = XCBuildConfiguration;
			buildSettings = {
				ALWAYS_SEARCH_USER_PATHS = NO;
				ASSETCATALOG_COMPILER_GENERATE_SWIFT_ASSET_SYMBOL_EXTENSIONS = YES;
				CLANG_ANALYZER_NONNULL = YES;
				CLANG_ANALYZER_NUMBER_OBJECT_CONVERSION = YES_AGGRESSIVE;
				CLANG_CXX_LANGUAGE_STANDARD = "gnu++20";
				CLANG_ENABLE_MODULES = YES;
				CLANG_ENABLE_OBJC_ARC = YES;
				CLANG_ENABLE_OBJC_WEAK = YES;
				CLANG_WARN_BLOCK_CAPTURE_AUTORELEASING = YES;
				CLANG_WARN_BOOL_CONVERSION = YES;
				CLANG_WARN_COMMA = YES;
				CLANG_WARN_CONSTANT_CONVERSION = YES;
				CLANG_WARN_DEPRECATED_OBJC_IMPLEMENTATIONS = YES;
				CLANG_WARN_DIRECT_OBJC_ISA_USAGE = YES_ERROR;
				CLANG_WARN_DOCUMENTATION_COMMENTS = YES;
				CLANG_WARN_EMPTY_BODY = YES;
				CLANG_WARN_ENUM_CONVERSION = YES;
				CLANG_WARN_INFINITE_RECURSION = YES;
				CLANG_WARN_INT_CONVERSION = YES;
				CLANG_WARN_NON_LITERAL_NULL_CONVERSION = YES;
				CLANG_WARN_OBJC_IMPLICIT_RETAIN_SELF = YES;
				CLANG_WARN_OBJC_LITERAL_CONVERSION = YES;
				CLANG_WARN_OBJC_ROOT_CLASS = YES_ERROR;
				CLANG_WARN_QUOTED_INCLUDE_IN_FRAMEWORK_HEADER = YES;
				CLANG_WARN_RANGE_LOOP_ANALYSIS = YES;
				CLANG_WARN_STRICT_PROTOTYPES = YES;
				CLANG_WARN_SUSPICIOUS_MOVE = YES;
				CLANG_WARN_UNGUARDED_AVAILABILITY = YES_AGGRESSIVE;
				CLANG_WARN_UNREACHABLE_CODE = YES;
				CLANG_WARN__DUPLICATE_METHOD_MATCH = YES;
				COPY_PHASE_STRIP = NO;
				DEBUG_INFORMATION_FORMAT = "dwarf-with-dsym";
				DEVELOPMENT_TEAM = H2SGDST2MQ;
				ENABLE_NS_ASSERTIONS = NO;
				ENABLE_STRICT_OBJC_MSGSEND = YES;
				ENABLE_USER_SCRIPT_SANDBOXING = YES;
				GCC_C_LANGUAGE_STANDARD = gnu17;
				GCC_NO_COMMON_BLOCKS = YES;
				GCC_WARN_64_TO_32_BIT_CONVERSION = YES;
				GCC_WARN_ABOUT_RETURN_TYPE = YES_ERROR;
				GCC_WARN_UNDECLARED_SELECTOR = YES;
				GCC_WARN_UNINITIALIZED_AUTOS = YES_AGGRESSIVE;
				GCC_WARN_UNUSED_FUNCTION = YES;
				GCC_WARN_UNUSED_VARIABLE = YES;
				LOCALIZATION_PREFERS_STRING_CATALOGS = YES;
				MTL_ENABLE_DEBUG_INFO = NO;
				MTL_FAST_MATH = YES;
				SDKROOT = appletvos;
				SWIFT_COMPILATION_MODE = wholemodule;
				TVOS_DEPLOYMENT_TARGET = 26.5;
				VALIDATE_PRODUCT = YES;
			};
			name = Release;
		};
		25CE33F530752A5000D4FED2 /* Debug */ = {
			isa = XCBuildConfiguration;
			buildSettings = {
				ASSETCATALOG_COMPILER_APPICON_NAME = "App Icon & Top Shelf Image";
				ASSETCATALOG_COMPILER_GLOBAL_ACCENT_COLOR_NAME = AccentColor;
				CODE_SIGN_STYLE = Automatic;
				CURRENT_PROJECT_VERSION = 1;
				DEVELOPMENT_TEAM = H2SGDST2MQ;
				ENABLE_PREVIEWS = YES;
				GENERATE_INFOPLIST_FILE = YES;
				INFOPLIST_KEY_UILaunchScreen_Generation = YES;
				INFOPLIST_KEY_UIUserInterfaceStyle = Automatic;
				LD_RUNPATH_SEARCH_PATHS = (
					"$(inherited)",
					"@executable_path/Frameworks",
				);
				MARKETING_VERSION = 1.0;
				PRODUCT_BUNDLE_IDENTIFIER = "Janith-Kavinda.TriviaTV";
				PRODUCT_NAME = "$(TARGET_NAME)";
				STRING_CATALOG_GENERATE_SYMBOLS = YES;
				SWIFT_APPROACHABLE_CONCURRENCY = YES;
				SWIFT_DEFAULT_ACTOR_ISOLATION = MainActor;
				SWIFT_EMIT_LOC_STRINGS = YES;
				SWIFT_UPCOMING_FEATURE_MEMBER_IMPORT_VISIBILITY = YES;
				SWIFT_VERSION = 5.0;
				TARGETED_DEVICE_FAMILY = 3;
			};
			name = Debug;
		};
		25CE33F630752A5000D4FED2 /* Release */ = {
			isa = XCBuildConfiguration;
			buildSettings = {
				ASSETCATALOG_COMPILER_APPICON_NAME = "App Icon & Top Shelf Image";
				ASSETCATALOG_COMPILER_GLOBAL_ACCENT_COLOR_NAME = AccentColor;
				CODE_SIGN_STYLE = Automatic;
				CURRENT_PROJECT_VERSION = 1;
				DEVELOPMENT_TEAM = H2SGDST2MQ;
				ENABLE_PREVIEWS = YES;
				GENERATE_INFOPLIST_FILE = YES;
				INFOPLIST_KEY_UILaunchScreen_Generation = YES;
				INFOPLIST_KEY_UIUserInterfaceStyle = Automatic;
				LD_RUNPATH_SEARCH_PATHS = (
					"$(inherited)",
					"@executable_path/Frameworks",
				);
				MARKETING_VERSION = 1.0;
				PRODUCT_BUNDLE_IDENTIFIER = "Janith-Kavinda.TriviaTV";
				PRODUCT_NAME = "$(TARGET_NAME)";
				STRING_CATALOG_GENERATE_SYMBOLS = YES;
				SWIFT_APPROACHABLE_CONCURRENCY = YES;
				SWIFT_DEFAULT_ACTOR_ISOLATION = MainActor;
				SWIFT_EMIT_LOC_STRINGS = YES;
				SWIFT_UPCOMING_FEATURE_MEMBER_IMPORT_VISIBILITY = YES;
				SWIFT_VERSION = 5.0;
				TARGETED_DEVICE_FAMILY = 3;
			};
			name = Release;
		};
		25CE33F830752A5000D4FED2 /* Debug */ = {
			isa = XCBuildConfiguration;
			buildSettings = {
				BUNDLE_LOADER = "$(TEST_HOST)";
				CODE_SIGN_STYLE = Automatic;
				CURRENT_PROJECT_VERSION = 1;
				DEVELOPMENT_TEAM = H2SGDST2MQ;
				GENERATE_INFOPLIST_FILE = YES;
				MARKETING_VERSION = 1.0;
				PRODUCT_BUNDLE_IDENTIFIER = "Janith-Kavinda.TriviaTVTests";
				PRODUCT_NAME = "$(TARGET_NAME)";
				STRING_CATALOG_GENERATE_SYMBOLS = NO;
				SWIFT_APPROACHABLE_CONCURRENCY = YES;
				SWIFT_EMIT_LOC_STRINGS = NO;
				SWIFT_UPCOMING_FEATURE_MEMBER_IMPORT_VISIBILITY = YES;
				SWIFT_VERSION = 5.0;
				TARGETED_DEVICE_FAMILY = 3;
				TEST_HOST = "$(BUILT_PRODUCTS_DIR)/TriviaTV.app/$(BUNDLE_EXECUTABLE_FOLDER_PATH)/TriviaTV";
				TVOS_DEPLOYMENT_TARGET = 26.5;
			};
			name = Debug;
		};
		25CE33F930752A5000D4FED2 /* Release */ = {
			isa = XCBuildConfiguration;
			buildSettings = {
				BUNDLE_LOADER = "$(TEST_HOST)";
				CODE_SIGN_STYLE = Automatic;
				CURRENT_PROJECT_VERSION = 1;
				DEVELOPMENT_TEAM = H2SGDST2MQ;
				GENERATE_INFOPLIST_FILE = YES;
				MARKETING_VERSION = 1.0;
				PRODUCT_BUNDLE_IDENTIFIER = "Janith-Kavinda.TriviaTVTests";
				PRODUCT_NAME = "$(TARGET_NAME)";
				STRING_CATALOG_GENERATE_SYMBOLS = NO;
				SWIFT_APPROACHABLE_CONCURRENCY = YES;
				SWIFT_EMIT_LOC_STRINGS = NO;
				SWIFT_UPCOMING_FEATURE_MEMBER_IMPORT_VISIBILITY = YES;
				SWIFT_VERSION = 5.0;
				TARGETED_DEVICE_FAMILY = 3;
				TEST_HOST = "$(BUILT_PRODUCTS_DIR)/TriviaTV.app/$(BUNDLE_EXECUTABLE_FOLDER_PATH)/TriviaTV";
				TVOS_DEPLOYMENT_TARGET = 26.5;
			};
			name = Release;
		};
		25CE33FB30752A5000D4FED2 /* Debug */ = {
			isa = XCBuildConfiguration;
			buildSettings = {
				CODE_SIGN_STYLE = Automatic;
				CURRENT_PROJECT_VERSION = 1;
				DEVELOPMENT_TEAM = H2SGDST2MQ;
				GENERATE_INFOPLIST_FILE = YES;
				MARKETING_VERSION = 1.0;
				PRODUCT_BUNDLE_IDENTIFIER = "Janith-Kavinda.TriviaTVUITests";
				PRODUCT_NAME = "$(TARGET_NAME)";
				STRING_CATALOG_GENERATE_SYMBOLS = NO;
				SWIFT_APPROACHABLE_CONCURRENCY = YES;
				SWIFT_EMIT_LOC_STRINGS = NO;
				SWIFT_UPCOMING_FEATURE_MEMBER_IMPORT_VISIBILITY = YES;
				SWIFT_VERSION = 5.0;
				TARGETED_DEVICE_FAMILY = 3;
				TEST_TARGET_NAME = "TriviaTV";
			};
			name = Debug;
		};
		25CE33FC30752A5000D4FED2 /* Release */ = {
			isa = XCBuildConfiguration;
			buildSettings = {
				CODE_SIGN_STYLE = Automatic;
				CURRENT_PROJECT_VERSION = 1;
				DEVELOPMENT_TEAM = H2SGDST2MQ;
				GENERATE_INFOPLIST_FILE = YES;
				MARKETING_VERSION = 1.0;
				PRODUCT_BUNDLE_IDENTIFIER = "Janith-Kavinda.TriviaTVUITests";
				PRODUCT_NAME = "$(TARGET_NAME)";
				STRING_CATALOG_GENERATE_SYMBOLS = NO;
				SWIFT_APPROACHABLE_CONCURRENCY = YES;
				SWIFT_EMIT_LOC_STRINGS = NO;
				SWIFT_UPCOMING_FEATURE_MEMBER_IMPORT_VISIBILITY = YES;
				SWIFT_VERSION = 5.0;
				TARGETED_DEVICE_FAMILY = 3;
				TEST_TARGET_NAME = "TriviaTV";
			};
			name = Release;
		};
/* End XCBuildConfiguration section */

/* Begin XCConfigurationList section */
		25CE33C930752A4D00D4FED2 /* Build configuration list for PBXProject "TriviaTV" */ = {
			isa = XCConfigurationList;
			buildConfigurations = (
				25CE33F230752A5000D4FED2 /* Debug */,
				25CE33F330752A5000D4FED2 /* Release */,
			);
			defaultConfigurationIsVisible = 0;
			defaultConfigurationName = Release;
		};
		25CE33F430752A5000D4FED2 /* Build configuration list for PBXNativeTarget "TriviaTV" */ = {
			isa = XCConfigurationList;
			buildConfigurations = (
				25CE33F530752A5000D4FED2 /* Debug */,
				25CE33F630752A5000D4FED2 /* Release */,
			);
			defaultConfigurationIsVisible = 0;
			defaultConfigurationName = Release;
		};
		25CE33F730752A5000D4FED2 /* Build configuration list for PBXNativeTarget "TriviaTVTests" */ = {
			isa = XCConfigurationList;
			buildConfigurations = (
				25CE33F830752A5000D4FED2 /* Debug */,
				25CE33F930752A5000D4FED2 /* Release */,
			);
			defaultConfigurationIsVisible = 0;
			defaultConfigurationName = Release;
		};
		25CE33FA30752A5000D4FED2 /* Build configuration list for PBXNativeTarget "TriviaTVUITests" */ = {
			isa = XCConfigurationList;
			buildConfigurations = (
				25CE33FB30752A5000D4FED2 /* Debug */,
				25CE33FC30752A5000D4FED2 /* Release */,
			);
			defaultConfigurationIsVisible = 0;
			defaultConfigurationName = Release;
		};
/* End XCConfigurationList section */
	};
	rootObject = 25CE33C630752A4D00D4FED2 /* Project object */;
}
